PODS:
  - Nimble (7.0.3)
  - Quick (1.2.0)
  - Reusable (4.0.0):
    - Reusable/Storyboard (= 4.0.0)
    - Reusable/View (= 4.0.0)
  - Reusable/Storyboard (4.0.0)
  - Reusable/View (4.0.0)
  - SimpleTableViewWrapper (0.2.0):
    - Reusable (~> 4.0.0)

DEPENDENCIES:
  - Nimble (~> 7.0.2)
  - Quick (~> 1.2.0)
  - SimpleTableViewWrapper (from `../`)

EXTERNAL SOURCES:
  SimpleTableViewWrapper:
    :path: ../

SPEC CHECKSUMS:
  Nimble: 7f5a9c447a33002645a071bddafbfb24ea70e0ac
  Quick: 58d203b1c5e27fff7229c4c1ae445ad7069a7a08
  Reusable: 98e5fff1e0e2e00872199699b276dde08ee56c07
  SimpleTableViewWrapper: 832a3bb34844a2bb25ea757063c536a5c209b5ad

PODFILE CHECKSUM: 298b916a1e610e35e178b46cf97b24017ba517aa

COCOAPODS: 1.4.0
